
Microsoft Visual Studio Solution File, Format Version 12.00
# Visual Studio Version 17
VisualStudioVersion = 17.2.32516.85
MinimumVisualStudioVersion = 10.0.40219.1
Project("{FAE04EC0-301F-11D3-BF4B-00C04F79EFBC}") = "QLNET", "QLNET\QLNET.csproj", "{7CD27B86-5C65-4699-B78E-414446F2744B}"
EndProject
Global
	GlobalSection(SolutionConfigurationPlatforms) = preSolution
		Debug|Any CPU = Debug|Any CPU
		Release|Any CPU = Release|Any CPU
	EndGlobalSection
	GlobalSection(ProjectConfigurationPlatforms) = postSolution
		{7CD27B86-5C65-4699-B78E-414446F2744B}.Debug|Any CPU.ActiveCfg = Debug|Any CPU
		{7CD27B86-5C65-4699-B78E-414446F2744B}.Debug|Any CPU.Build.0 = Debug|Any CPU
		{7CD27B86-5C65-4699-B78E-414446F2744B}.Release|Any CPU.ActiveCfg = Release|Any CPU
		{7CD27B86-5C65-4699-B78E-414446F2744B}.Release|Any CPU.Build.0 = Release|Any CPU
	EndGlobalSection
	GlobalSection(SolutionProperties) = preSolution
		HideSolutionNode = FALSE
	EndGlobalSection
	GlobalSection(ExtensibilityGlobals) = postSolution
		SolutionGuid = {8B80DA25-5320-4FA6-95E9-59B0D3B9BF48}
	EndGlobalSection
EndGlobal
